<?xml version="1.0" encoding="utf-8"?>
<Project ToolsVersion="4.0" xmlns="http://schemas.microsoft.com/developer/msbuild/2003">
  <ItemGroup >
    <Filter Include="Header Files">
      <UniqueIdentifier>{922C6F41-C460-59B1-3A59-D4FA6DDC9C37}</UniqueIdentifier>
    </Filter>
    <Filter Include="Public Header Files">
      <UniqueIdentifier>{BDBAD8B6-F777-0C5E-367D-3CE1B8CD9ADE}</UniqueIdentifier>
    </Filter>
    <Filter Include="Source Files">
      <UniqueIdentifier>{9A3C0498-7C60-1BDF-BDF7-06BDDE4E468F}</UniqueIdentifier>
    </Filter>
    <Filter Include="VPC Scripts">
      <UniqueIdentifier>{308191AE-A754-30DF-D5BD-5928E19D585F}</UniqueIdentifier>
    </Filter>
  </ItemGroup>
  <ItemGroup  />
  <ItemGroup >
    <ClInclude Include="3dnow.h">
      <Filter>Header Files</Filter>
    </ClInclude>
    <ClInclude Include="noisedata.h">
      <Filter>Header Files</Filter>
    </ClInclude>
    <ClInclude Include="sse.h">
      <Filter>Header Files</Filter>
    </ClInclude>
    <ClInclude Include="..\public\mathlib\amd3dx.h">
      <Filter>Public Header Files</Filter>
    </ClInclude>
    <ClInclude Include="..\public\mathlib\anorms.h">
      <Filter>Public Header Files</Filter>
    </ClInclude>
    <ClInclude Include="..\public\mathlib\bumpvects.h">
      <Filter>Public Header Files</Filter>
    </ClInclude>
    <ClInclude Include="..\public\mathlib\compressed_3d_unitvec.h">
      <Filter>Public Header Files</Filter>
    </ClInclude>
    <ClInclude Include="..\public\mathlib\compressed_light_cube.h">
      <Filter>Public Header Files</Filter>
    </ClInclude>
    <ClInclude Include="..\public\mathlib\compressed_vector.h">
      <Filter>Public Header Files</Filter>
    </ClInclude>
    <ClInclude Include="..\public\mathlib\halton.h">
      <Filter>Public Header Files</Filter>
    </ClInclude>
    <ClInclude Include="..\public\mathlib\IceKey.H">
      <Filter>Public Header Files</Filter>
    </ClInclude>
    <ClInclude Include="..\public\mathlib\lightdesc.h">
      <Filter>Public Header Files</Filter>
    </ClInclude>
    <ClInclude Include="..\public\mathlib\math_pfns.h">
      <Filter>Public Header Files</Filter>
    </ClInclude>
    <ClInclude Include="..\public\mathlib\mathlib.h">
      <Filter>Public Header Files</Filter>
    </ClInclude>
    <ClInclude Include="..\public\mathlib\noise.h">
      <Filter>Public Header Files</Filter>
    </ClInclude>
    <ClInclude Include="..\public\mathlib\polyhedron.h">
      <Filter>Public Header Files</Filter>
    </ClInclude>
    <ClInclude Include="..\public\mathlib\quantize.h">
      <Filter>Public Header Files</Filter>
    </ClInclude>
    <ClInclude Include="..\public\mathlib\simdvectormatrix.h">
      <Filter>Public Header Files</Filter>
    </ClInclude>
    <ClInclude Include="..\public\mathlib\spherical_geometry.h">
      <Filter>Public Header Files</Filter>
    </ClInclude>
    <ClInclude Include="..\public\mathlib\ssemath.h">
      <Filter>Public Header Files</Filter>
    </ClInclude>
    <ClInclude Include="..\public\mathlib\ssequaternion.h">
      <Filter>Public Header Files</Filter>
    </ClInclude>
    <ClInclude Include="..\public\mathlib\vector.h">
      <Filter>Public Header Files</Filter>
    </ClInclude>
    <ClInclude Include="..\public\mathlib\vector2d.h">
      <Filter>Public Header Files</Filter>
    </ClInclude>
    <ClInclude Include="..\public\mathlib\vector4d.h">
      <Filter>Public Header Files</Filter>
    </ClInclude>
    <ClInclude Include="..\public\mathlib\vmatrix.h">
      <Filter>Public Header Files</Filter>
    </ClInclude>
    <ClInclude Include="..\public\mathlib\vplane.h">
      <Filter>Public Header Files</Filter>
    </ClInclude>
  </ItemGroup>
  <ItemGroup >
    <ClCompile Include="3dnow.cpp">
      <Filter>Source Files</Filter>
    </ClCompile>
    <ClCompile Include="almostequal.cpp">
      <Filter>Source Files</Filter>
    </ClCompile>
    <ClCompile Include="anorms.cpp">
      <Filter>Source Files</Filter>
    </ClCompile>
    <ClCompile Include="bumpvects.cpp">
      <Filter>Source Files</Filter>
    </ClCompile>
    <ClCompile Include="color_conversion.cpp">
      <Filter>Source Files</Filter>
    </ClCompile>
    <ClCompile Include="halton.cpp">
      <Filter>Source Files</Filter>
    </ClCompile>
    <ClCompile Include="IceKey.cpp">
      <Filter>Source Files</Filter>
    </ClCompile>
    <ClCompile Include="imagequant.cpp">
      <Filter>Source Files</Filter>
    </ClCompile>
    <ClCompile Include="lightdesc.cpp">
      <Filter>Source Files</Filter>
    </ClCompile>
    <ClCompile Include="mathlib_base.cpp">
      <Filter>Source Files</Filter>
    </ClCompile>
    <ClCompile Include="polyhedron.cpp">
      <Filter>Source Files</Filter>
    </ClCompile>
    <ClCompile Include="powsse.cpp">
      <Filter>Source Files</Filter>
    </ClCompile>
    <ClCompile Include="quantize.cpp">
      <Filter>Source Files</Filter>
    </ClCompile>
    <ClCompile Include="randsse.cpp">
      <Filter>Source Files</Filter>
    </ClCompile>
    <ClCompile Include="simdvectormatrix.cpp">
      <Filter>Source Files</Filter>
    </ClCompile>
    <ClCompile Include="sparse_convolution_noise.cpp">
      <Filter>Source Files</Filter>
    </ClCompile>
    <ClCompile Include="spherical.cpp">
      <Filter>Source Files</Filter>
    </ClCompile>
    <ClCompile Include="sse.cpp">
      <Filter>Source Files</Filter>
    </ClCompile>
    <ClCompile Include="sseconst.cpp">
      <Filter>Source Files</Filter>
    </ClCompile>
    <ClCompile Include="ssenoise.cpp">
      <Filter>Source Files</Filter>
    </ClCompile>
    <ClCompile Include="vector.cpp">
      <Filter>Source Files</Filter>
    </ClCompile>
    <ClCompile Include="vmatrix.cpp">
      <Filter>Source Files</Filter>
    </ClCompile>
  </ItemGroup>
  <ItemGroup  />
  <ItemGroup  />
  <ItemGroup >
    <None Include="_vpc_\manifest_mathlib\win64\manifest.txt">
      <Filter>VPC Scripts</Filter>
    </None>
    <None Include="mathlib.vpc">
      <Filter>VPC Scripts</Filter>
    </None>
    <None Include="..\vpc_scripts\platform_dirs.vpc">
      <Filter>VPC Scripts</Filter>
    </None>
    <None Include="..\vpc_scripts\source_base.vpc">
      <Filter>VPC Scripts</Filter>
    </None>
    <None Include="..\vpc_scripts\source_lib_base.vpc">
      <Filter>VPC Scripts</Filter>
    </None>
    <None Include="..\vpc_scripts\source_lib_win32_base.vpc">
      <Filter>VPC Scripts</Filter>
    </None>
    <None Include="..\vpc_scripts\source_lib_win32_debug.vpc">
      <Filter>VPC Scripts</Filter>
    </None>
    <None Include="..\vpc_scripts\source_lib_win32_release.vpc">
      <Filter>VPC Scripts</Filter>
    </None>
    <None Include="..\vpc_scripts\source_video_base.vpc">
      <Filter>VPC Scripts</Filter>
    </None>
    <None Include="..\vpc_scripts\source_win32_base.vpc">
      <Filter>VPC Scripts</Filter>
    </None>
    <None Include="..\vpc_scripts\version.vpc">
      <Filter>VPC Scripts</Filter>
    </None>
  </ItemGroup>
</Project>
